<?xml version="1.0" encoding="utf-8"?>
<Project ToolsVersion="4.0" xmlns="http://schemas.microsoft.com/developer/msbuild/2003">
  <ItemGroup>
    <Filter Include="源文件">
      <UniqueIdentifier>{4FC737F1-C7A5-4376-A066-2A32D752A2FF}</UniqueIdentifier>
      <Extensions>cpp;c;cc;cxx;c++;cppm;ixx;def;odl;idl;hpj;bat;asm;asmx</Extensions>
    </Filter>
    <Filter Include="头文件">
      <UniqueIdentifier>{93995380-89BD-4b04-88EB-625FBE52EBFB}</UniqueIdentifier>
      <Extensions>h;hh;hpp;hxx;h++;hm;inl;inc;ipp;xsd</Extensions>
    </Filter>
    <Filter Include="资源文件">
      <UniqueIdentifier>{67DA6AB6-F800-4c08-8B7A-83BB121AAD01}</UniqueIdentifier>
      <Extensions>rc;ico;cur;bmp;dlg;rc2;rct;bin;rgs;gif;jpg;jpeg;jpe;resx;tiff;tif;png;wav;mfcribbon-ms</Extensions>
    </Filter>
    <Filter Include="源文件\src">
      <UniqueIdentifier>{176995e4-5505-4684-898e-77c302bb8634}</UniqueIdentifier>
    </Filter>
    <Filter Include="源文件\main">
      <UniqueIdentifier>{46e2ce73-1b39-4fd6-8c1b-48a26c93e897}</UniqueIdentifier>
    </Filter>
    <Filter Include="源文件\src\MQAcore">
      <UniqueIdentifier>{3ae84cf0-0ff4-449a-9452-993b24d0823f}</UniqueIdentifier>
    </Filter>
    <Filter Include="源文件\src\json">
      <UniqueIdentifier>{654d8104-b3bf-4a7c-8701-75ba2d224bfd}</UniqueIdentifier>
    </Filter>
    <Filter Include="头文件\MQAcore">
      <UniqueIdentifier>{0f31f874-bec3-4820-8ae2-3350cc17f004}</UniqueIdentifier>
    </Filter>
    <Filter Include="头文件\detail">
      <UniqueIdentifier>{54adb719-206a-416d-9164-63563abfb9bd}</UniqueIdentifier>
    </Filter>
    <Filter Include="头文件\json">
      <UniqueIdentifier>{18449dd3-0adf-40e7-9533-e41fe4e789e7}</UniqueIdentifier>
    </Filter>
  </ItemGroup>
  <ItemGroup>
    <ClCompile Include="main\MQAdemo.cpp">
      <Filter>源文件\main</Filter>
    </ClCompile>
    <ClCompile Include="src\MQAcore\MQAAPI.cpp">
      <Filter>源文件\src\MQAcore</Filter>
    </ClCompile>
    <ClCompile Include="src\MQAcore\MQAEvent.cpp">
      <Filter>源文件\src\MQAcore</Filter>
    </ClCompile>
    <ClCompile Include="src\json\jsoncpp.cpp">
      <Filter>源文件\src\json</Filter>
    </ClCompile>
    <ClCompile Include="src\GlovalVar.cpp">
      <Filter>源文件\src</Filter>
    </ClCompile>
  </ItemGroup>
  <ItemGroup>
    <ClInclude Include="include\MQAcore\MQAAPI.h">
      <Filter>头文件\MQAcore</Filter>
    </ClInclude>
    <ClInclude Include="include\MQAcore\MQAEvent.h">
      <Filter>头文件\MQAcore</Filter>
    </ClInclude>
    <ClInclude Include="include\MQAcore\MQAException.hpp">
      <Filter>头文件\MQAcore</Filter>
    </ClInclude>
    <ClInclude Include="include\MQAcore\MQAHeader.h">
      <Filter>头文件\MQAcore</Filter>
    </ClInclude>
    <ClInclude Include="include\MQAcore\MQALogging.hpp">
      <Filter>头文件\MQAcore</Filter>
    </ClInclude>
    <ClInclude Include="include\MQAcore\MQAType.h">
      <Filter>头文件\MQAcore</Filter>
    </ClInclude>
    <ClInclude Include="include\detail\BinaryHeap.hpp">
      <Filter>头文件\detail</Filter>
    </ClInclude>
    <ClInclude Include="include\detail\Logger.hpp">
      <Filter>头文件\detail</Filter>
    </ClInclude>
    <ClInclude Include="include\detail\singleton.h">
      <Filter>头文件\detail</Filter>
    </ClInclude>
    <ClInclude Include="include\detail\spin_mutex.hpp">
      <Filter>头文件\detail</Filter>
    </ClInclude>
    <ClInclude Include="include\detail\ThreadPool.hpp">
      <Filter>头文件\detail</Filter>
    </ClInclude>
    <ClInclude Include="include\json\json.h">
      <Filter>头文件\json</Filter>
    </ClInclude>
    <ClInclude Include="include\json\json-forwards.h">
      <Filter>头文件\json</Filter>
    </ClInclude>
    <ClInclude Include="include\json\myJson.hpp">
      <Filter>头文件\json</Filter>
    </ClInclude>
    <ClInclude Include="include\MQAconfig.h">
      <Filter>头文件</Filter>
    </ClInclude>
    <ClInclude Include="include\GlobalVar.h">
      <Filter>头文件</Filter>
    </ClInclude>
  </ItemGroup>
  <ItemGroup>
    <None Include="include\MQAcore\MyQQAAPI.inc">
      <Filter>头文件\MQAcore</Filter>
    </None>
    <None Include="README.md" />
  </ItemGroup>
</Project>